
Microsoft Visual Studio Solution File, Format Version 12.00
# Visual Studio Version 17
VisualStudioVersion = 17.11.35312.102
MinimumVisualStudioVersion = 10.0.40219.1
Project("{FAE04EC0-301F-11D3-BF4B-00C04F79EFBC}") = "Virtueller Pflanzenpfleger", "Virtueller Pflanzenpfleger\Virtueller Pflanzenpfleger.csproj", "{03B01EB6-A058-4C89-A77A-6CDAA1F14EE3}"
EndProject
Global
	GlobalSection(SolutionConfigurationPlatforms) = preSolution
		Debug|Any CPU = Debug|Any CPU
		Release|Any CPU = Release|Any CPU
	EndGlobalSection
	GlobalSection(ProjectConfigurationPlatforms) = postSolution
		{03B01EB6-A058-4C89-A77A-6CDAA1F14EE3}.Debug|Any CPU.ActiveCfg = Debug|Any CPU
		{03B01EB6-A058-4C89-A77A-6CDAA1F14EE3}.Debug|Any CPU.Build.0 = Debug|Any CPU
		{03B01EB6-A058-4C89-A77A-6CDAA1F14EE3}.Release|Any CPU.ActiveCfg = Release|Any CPU
		{03B01EB6-A058-4C89-A77A-6CDAA1F14EE3}.Release|Any CPU.Build.0 = Release|Any CPU
	EndGlobalSection
	GlobalSection(SolutionProperties) = preSolution
		HideSolutionNode = FALSE
	EndGlobalSection
	GlobalSection(ExtensibilityGlobals) = postSolution
		SolutionGuid = {3D9D8240-BEAD-4B7F-B5AE-1716EDC85954}
	EndGlobalSection
EndGlobal
